
Microsoft Visual Studio Solution File, Format Version 12.00
# Visual Studio Version 17
VisualStudioVersion = 17.4.33213.308
MinimumVisualStudioVersion = 10.0.40219.1
Project("{FAE04EC0-301F-11D3-BF4B-00C04F79EFBC}") = "SalesWebMvc1", "SalesWebMvc1\SalesWebMvc1.csproj", "{936BD8A3-F286-4E34-B6B6-978BDB9BFD8F}"
EndProject
Global
	GlobalSection(SolutionConfigurationPlatforms) = preSolution
		Debug|Any CPU = Debug|Any CPU
		Release|Any CPU = Release|Any CPU
	EndGlobalSection
	GlobalSection(ProjectConfigurationPlatforms) = postSolution
		{936BD8A3-F286-4E34-B6B6-978BDB9BFD8F}.Debug|Any CPU.ActiveCfg = Debug|Any CPU
		{936BD8A3-F286-4E34-B6B6-978BDB9BFD8F}.Debug|Any CPU.Build.0 = Debug|Any CPU
		{936BD8A3-F286-4E34-B6B6-978BDB9BFD8F}.Release|Any CPU.ActiveCfg = Release|Any CPU
		{936BD8A3-F286-4E34-B6B6-978BDB9BFD8F}.Release|Any CPU.Build.0 = Release|Any CPU
	EndGlobalSection
	GlobalSection(SolutionProperties) = preSolution
		HideSolutionNode = FALSE
	EndGlobalSection
	GlobalSection(ExtensibilityGlobals) = postSolution
		SolutionGuid = {73A89E4D-996C-4C49-B1DD-BED0FDBDA334}
	EndGlobalSection
EndGlobal
